
Microsoft Visual Studio Solution File, Format Version 12.00
# Visual Studio 2012
Project("{8BC9CEB8-8B4A-11D0-8D11-00A0C91BC942}") = "2048", "2048\2048.vcxproj", "{E921E603-D56A-492B-B0FB-30866242894C}"
EndProject
Global
	GlobalSection(SolutionConfigurationPlatforms) = preSolution
		Debug|Win32 = Debug|Win32
		Release|Win32 = Release|Win32
	EndGlobalSection
	GlobalSection(ProjectConfigurationPlatforms) = postSolution
		{E921E603-D56A-492B-B0FB-30866242894C}.Debug|Win32.ActiveCfg = Debug|Win32
		{E921E603-D56A-492B-B0FB-30866242894C}.Debug|Win32.Build.0 = Debug|Win32
		{E921E603-D56A-492B-B0FB-30866242894C}.Release|Win32.ActiveCfg = Release|Win32
		{E921E603-D56A-492B-B0FB-30866242894C}.Release|Win32.Build.0 = Release|Win32
	EndGlobalSection
	GlobalSection(SolutionProperties) = preSolution
		HideSolutionNode = FALSE
	EndGlobalSection
EndGlobal
